{
  "name": "demo-repo",
  "version": "0.2.0",
  "lockfileVersion": 3,
  "requires": true,
  "packages": {
    "": {
      "name": "demo-repo",
      "version": "0.2.0",
      "license": "MIT",
      "dependencies": {
        "@primer/css": "17.0.1",
        "bootstrap": "^5.3.8"
      }
    },
    "node_modules/@popperjs/core": {
      "version": "2.11.8",
      "resolved": "https://registry.npmjs.org/@popperjs/core/-/core-2.11.8.tgz",
      "integrity": "sha512-P1st0aksCrn9sGZhp8GMYwBnQsbvAWsZAX44oXNNvLHGqAOcoVxmjZiohstwQ7SqKnbR47akdNi+uleWD8+g6A==",
      "license": "MIT",
      "peer": true,
      "funding": {
        "type": "opencollective",
        "url": "https://opencollective.com/popperjs"
      }
    },
    "node_modules/@primer/css": {
      "version": "17.0.1",
      "resolved": "https://registry.npmjs.org/@primer/css/-/css-17.0.1.tgz",
      "integrity": "sha512-qA0WOfkGthJVoUUqFpsaD3m2aeuGuVSZwMWsxZFUUufB3pfGfIG+vkpAqaJTGFJzbKD9ZfXyt1wfJwtyMcsVfg==",
      "license": "MIT",
      "dependencies": {
        "@primer/primitives": "4.3.2"
      }
    },
    "node_modules/@primer/primitives": {
      "version": "4.3.2",
      "resolved": "https://registry.npmjs.org/@primer/primitives/-/primitives-4.3.2.tgz",
      "integrity": "sha512-5qBEQVchd2Vd2K2IT9mbQdI9E4IGiDVoLITlQXE2HIW9sWHREULSE4xg3W51i/XlDUIgnycELCI+Ept8V7v+og==",
      "license": "MIT"
    },
    "node_modules/bootstrap": {
      "version": "5.3.8",
      "resolved": "https://registry.npmjs.org/bootstrap/-/bootstrap-5.3.8.tgz",
      "integrity": "sha512-HP1SZDqaLDPwsNiqRqi5NcP0SSXciX2s9E+RyqJIIqGo+vJeN5AJVM98CXmW/Wux0nQ5L7jeWUdplCEf0Ee+tg==",
      "funding": [
        {
          "type": "github",
          "url": "https://github.com/sponsors/twbs"
        },
        {
          "type": "opencollective",
          "url": "https://opencollective.com/bootstrap"
        }
      ],
      "license": "MIT",
      "peerDependencies": {
        "@popperjs/core": "^2.11.8"
      }
    }
  }
}
